// !$*UTF8*$!
{
	archiveVersion = 1;
	classes = {
	};
	objectVersion = 46;
	objects = {

/* Begin PBXBuildFile section */
		ECD9BD111A5C9D8500F7D172 /* main.m in Sources */ = {isa = PBXBuildFile; fileRef = ECD9BD101A5C9D8500F7D172 /* main.m */; };
		ECD9BD141A5C9D8500F7D172 /* AppDelegate.m in Sources */ = {isa = PBXBuildFile; fileRef = ECD9BD131A5C9D8500F7D172 /* AppDelegate.m */; };
		ECD9BD171A5C9D8500F7D172 /* ViewController.m in Sources */ = {isa = PBXBuildFile; fileRef = ECD9BD161A5C9D8500F7D172 /* ViewController.m */; };
		ECD9BD1A1A5C9D8500F7D172 /* Main.storyboard in Resources */ = {isa = PBXBuildFile; fileRef = ECD9BD181A5C9D8500F7D172 /* Main.storyboard */; };
		ECD9BD1C1A5C9D8500F7D172 /* Images.xcassets in Resources */ = {isa = PBXBuildFile; fileRef = ECD9BD1B1A5C9D8500F7D172 /* Images.xcassets */; };
		ECD9BD1F1A5C9D8500F7D172 /* LaunchScreen.xib in Resources */ = {isa = PBXBuildFile; fileRef = ECD9BD1D1A5C9D8500F7D172 /* LaunchScreen.xib */; };
		ECD9BD2B1A5C9D8500F7D172 /* ATTests.m in Sources */ = {isa = PBXBuildFile; fileRef = ECD9BD2A1A5C9D8500F7D172 /* ATTests.m */; };
/* End PBXBuildFile section */

/* Begin PBXContainerItemProxy section */
		ECD9BD251A5C9D8500F7D172 /* PBXContainerItemProxy */ = {
			isa = PBXContainerItemProxy;
			containerPortal = ECD9BD031A5C9D8500F7D172 /* Project object */;
			proxyType = 1;
			remoteGlobalIDString = ECD9BD0A1A5C9D8500F7D172;
			remoteInfo = AT;
		};
/* End PBXContainerItemProxy section */

/* Begin PBXFileReference section */
		ECD9BD0B1A5C9D8500F7D172 /* AT.app */ = {isa = PBXFileReference; explicitFileType = wrapper.application; includeInIndex = 0; path = AT.app; sourceTree = BUILT_PRODUCTS_DIR; };
		ECD9BD0F1A5C9D8500F7D172 /* Info.plist */ = {isa = PBXFileReference; lastKnownFileType = text.plist.xml; path = Info.plist; sourceTree = "<group>"; };
		ECD9BD101A5C9D8500F7D172 /* main.m */ = {isa = PBXFileReference; lastKnownFileType = sourcecode.c.objc; path = main.m; sourceTree = "<group>"; };
		ECD9BD121A5C9D8500F7D172 /* AppDelegate.h */ = {isa = PBXFileReference; lastKnownFileType = sourcecode.c.h; path = AppDelegate.h; sourceTree = "<group>"; };
		ECD9BD131A5C9D8500F7D172 /* AppDelegate.m */ = {isa = PBXFileReference; lastKnownFileType = sourcecode.c.objc; path = AppDelegate.m; sourceTree = "<group>"; };
		ECD9BD151A5C9D8500F7D172 /* ViewController.h */ = {isa = PBXFileReference; lastKnownFileType = sourcecode.c.h; path = ViewController.h; sourceTree = "<group>"; };
		ECD9BD161A5C9D8500F7D172 /* ViewController.m */ = {isa = PBXFileReference; lastKnownFileType = sourcecode.c.objc; path = ViewController.m; sourceTree = "<group>"; };
		ECD9BD191A5C9D8500F7D172 /* Base */ = {isa = PBXFileReference; lastKnownFileType = file.storyboard; name = Base; path = Base.lproj/Main.storyboard; sourceTree = "<group>"; };
		ECD9BD1B1A5C9D8500F7D172 /* Images.xcassets */ = {isa = PBXFileReference; lastKnownFileType = folder.assetcatalog; path = Images.xcassets; sourceTree = "<group>"; };
		ECD9BD1E1A5C9D8500F7D172 /* Base */ = {isa = PBXFileReference; lastKnownFileType = file.xib; name = Base; path = Base.lproj/LaunchScreen.xib; sourceTree = "<group>"; };
		ECD9BD241A5C9D8500F7D172 /* ATTests.xctest */ = {isa = PBXFileReference; explicitFileType = wrapper.cfbundle; includeInIndex = 0; path = ATTests.xctest; sourceTree = BUILT_PRODUCTS_DIR; };
		ECD9BD291A5C9D8500F7D172 /* Info.plist */ = {isa = PBXFileReference; lastKnownFileType = text.plist.xml; path = Info.plist; sourceTree = "<group>"; };
		ECD9BD2A1A5C9D8500F7D172 /* ATTests.m */ = {isa = PBXFileReference; lastKnownFileType = sourcecode.c.objc; path = ATTests.m; sourceTree = "<group>"; };
/* End PBXFileReference section */

/* Begin PBXFrameworksBuildPhase section */
		ECD9BD081A5C9D8500F7D172 /* Frameworks */ = {
			isa = PBXFrameworksBuildPhase;
			buildActionMask = 2147483647;
			files = (
			);
			runOnlyForDeploymentPostprocessing = 0;
		};
		ECD9BD211A5C9D8500F7D172 /* Frameworks */ = {
			isa = PBXFrameworksBuildPhase;
			buildActionMask = 2147483647;
			files = (
			);
			runOnlyForDeploymentPostprocessing = 0;
		};
/* End PBXFrameworksBuildPhase section */

/* Begin PBXGroup section */
		ECD9BD021A5C9D8500F7D172 = {
			isa = PBXGroup;
			children = (
				ECD9BD0D1A5C9D8500F7D172 /* AT */,
				ECD9BD271A5C9D8500F7D172 /* ATTests */,
				ECD9BD0C1A5C9D8500F7D172 /* Products */,
			);
			sourceTree = "<group>";
		};
		ECD9BD0C1A5C9D8500F7D172 /* Products */ = {
			isa = PBXGroup;
			children = (
				ECD9BD0B1A5C9D8500F7D172 /* AT.app */,
				ECD9BD241A5C9D8500F7D172 /* ATTests.xctest */,
			);
			name = Products;
			sourceTree = "<group>";
		};
		ECD9BD0D1A5C9D8500F7D172 /* AT */ = {
			isa = PBXGroup;
			children = (
				ECD9BD121A5C9D8500F7D172 /* AppDelegate.h */,
				ECD9BD131A5C9D8500F7D172 /* AppDelegate.m */,
				ECD9BD151A5C9D8500F7D172 /* ViewController.h */,
				ECD9BD161A5C9D8500F7D172 /* ViewController.m */,
				ECD9BD181A5C9D8500F7D172 /* Main.storyboard */,
				ECD9BD1B1A5C9D8500F7D172 /* Images.xcassets */,
				ECD9BD1D1A5C9D8500F7D172 /* LaunchScreen.xib */,
				ECD9BD0E1A5C9D8500F7D172 /* Supporting Files */,
			);
			path = AT;
			sourceTree = "<group>";
		};
		ECD9BD0E1A5C9D8500F7D172 /* Supporting Files */ = {
			isa = PBXGroup;
			children = (
				ECD9BD0F1A5C9D8500F7D172 /* Info.plist */,
				ECD9BD101A5C9D8500F7D172 /* main.m */,
			);
			name = "Supporting Files";
			sourceTree = "<group>";
		};
		ECD9BD271A5C9D8500F7D172 /* ATTests */ = {
			isa = PBXGroup;
			children = (
				ECD9BD2A1A5C9D8500F7D172 /* ATTests.m */,
				ECD9BD281A5C9D8500F7D172 /* Supporting Files */,
			);
			path = ATTests;
			sourceTree = "<group>";
		};
		ECD9BD281A5C9D8500F7D172 /* Supporting Files */ = {
			isa = PBXGroup;
			children = (
				ECD9BD291A5C9D8500F7D172 /* Info.plist */,
			);
			name = "Supporting Files";
			sourceTree = "<group>";
		};
/* End PBXGroup section */

/* Begin PBXNativeTarget section */
		ECD9BD0A1A5C9D8500F7D172 /* AT */ = {
			isa = PBXNativeTarget;
			buildConfigurationList = ECD9BD2E1A5C9D8500F7D172 /* Build configuration list for PBXNativeTarget "AT" */;
			buildPhases = (
				ECD9BD071A5C9D8500F7D172 /* Sources */,
				ECD9BD081A5C9D8500F7D172 /* Frameworks */,
				ECD9BD091A5C9D8500F7D172 /* Resources */,
			);
			buildRules = (
			);
			dependencies = (
			);
			name = AT;
			productName = AT;
			productReference = ECD9BD0B1A5C9D8500F7D172 /* AT.app */;
			productType = "com.apple.product-type.application";
		};
		ECD9BD231A5C9D8500F7D172 /* ATTests */ = {
			isa = PBXNativeTarget;
			buildConfigurationList = ECD9BD311A5C9D8500F7D172 /* Build configuration list for PBXNativeTarget "ATTests" */;
			buildPhases = (
				ECD9BD201A5C9D8500F7D172 /* Sources */,
				ECD9BD211A5C9D8500F7D172 /* Frameworks */,
				ECD9BD221A5C9D8500F7D172 /* Resources */,
			);
			buildRules = (
			);
			dependencies = (
				ECD9BD261A5C9D8500F7D172 /* PBXTargetDependency */,
			);
			name = ATTests;
			productName = ATTests;
			productReference = ECD9BD241A5C9D8500F7D172 /* ATTests.xctest */;
			productType = "com.apple.product-type.bundle.unit-test";
		};
/* End PBXNativeTarget section */

/* Begin PBXProject section */
		ECD9BD031A5C9D8500F7D172 /* Project object */ = {
			isa = PBXProject;
			attributes = {
				LastUpgradeCheck = 0600;
				ORGANIZATIONNAME = matiasdim;
				TargetAttributes = {
					ECD9BD0A1A5C9D8500F7D172 = {
						CreatedOnToolsVersion = 6.0.1;
					};
					ECD9BD231A5C9D8500F7D172 = {
						CreatedOnToolsVersion = 6.0.1;
						TestTargetID = ECD9BD0A1A5C9D8500F7D172;
					};
				};
			};
			buildConfigurationList = ECD9BD061A5C9D8500F7D172 /* Build configuration list for PBXProject "AT" */;
			compatibilityVersion = "Xcode 3.2";
			developmentRegion = English;
			hasScannedForEncodings = 0;
			knownRegions = (
				en,
				Base,
			);
			mainGroup = ECD9BD021A5C9D8500F7D172;
			productRefGroup = ECD9BD0C1A5C9D8500F7D172 /* Products */;
			projectDirPath = "";
			projectRoot = "";
			targets = (
				ECD9BD0A1A5C9D8500F7D172 /* AT */,
				ECD9BD231A5C9D8500F7D172 /* ATTests */,
			);
		};
/* End PBXProject section */

/* Begin PBXResourcesBuildPhase section */
		ECD9BD091A5C9D8500F7D172 /* Resources */ = {
			isa = PBXResourcesBuildPhase;
			buildActionMask = 2147483647;
			files = (
				ECD9BD1A1A5C9D8500F7D172 /* Main.storyboard in Resources */,
				ECD9BD1F1A5C9D8500F7D172 /* LaunchScreen.xib in Resources */,
				ECD9BD1C1A5C9D8500F7D172 /* Images.xcassets in Resources */,
			);
			runOnlyForDeploymentPostprocessing = 0;
		};
		ECD9BD221A5C9D8500F7D172 /* Resources */ = {
			isa = PBXResourcesBuildPhase;
			buildActionMask = 2147483647;
			files = (
			);
			runOnlyForDeploymentPostprocessing = 0;
		};
/* End PBXResourcesBuildPhase section */

/* Begin PBXSourcesBuildPhase section */
		ECD9BD071A5C9D8500F7D172 /* Sources */ = {
			isa = PBXSourcesBuildPhase;
			buildActionMask = 2147483647;
			files = (
				ECD9BD171A5C9D8500F7D172 /* ViewController.m in Sources */,
				ECD9BD141A5C9D8500F7D172 /* AppDelegate.m in Sources */,
				ECD9BD111A5C9D8500F7D172 /* main.m in Sources */,
			);
			runOnlyForDeploymentPostprocessing = 0;
		};
		ECD9BD201A5C9D8500F7D172 /* Sources */ = {
			isa = PBXSourcesBuildPhase;
			buildActionMask = 2147483647;
			files = (
				ECD9BD2B1A5C9D8500F7D172 /* ATTests.m in Sources */,
			);
			runOnlyForDeploymentPostprocessing = 0;
		};
/* End PBXSourcesBuildPhase section */

/* Begin PBXTargetDependency section */
		ECD9BD261A5C9D8500F7D172 /* PBXTargetDependency */ = {
			isa = PBXTargetDependency;
			target = ECD9BD0A1A5C9D8500F7D172 /* AT */;
			targetProxy = ECD9BD251A5C9D8500F7D172 /* PBXContainerItemProxy */;
		};
/* End PBXTargetDependency section */

/* Begin PBXVariantGroup section */
		ECD9BD181A5C9D8500F7D172 /* Main.storyboard */ = {
			isa = PBXVariantGroup;
			children = (
				ECD9BD191A5C9D8500F7D172 /* Base */,
			);
			name = Main.storyboard;
			sourceTree = "<group>";
		};
		ECD9BD1D1A5C9D8500F7D172 /* LaunchScreen.xib */ = {
			isa = PBXVariantGroup;
			children = (
				ECD9BD1E1A5C9D8500F7D172 /* Base */,
			);
			name = LaunchScreen.xib;
			sourceTree = "<group>";
		};
/* End PBXVariantGroup section */

/* Begin XCBuildConfiguration section */
		ECD9BD2C1A5C9D8500F7D172 /* Debug */ = {
			isa = XCBuildConfiguration;
			buildSettings = {
				ALWAYS_SEARCH_USER_PATHS = NO;
				CLANG_CXX_LANGUAGE_STANDARD = "gnu++0x";
				CLANG_CXX_LIBRARY = "libc++";
				CLANG_ENABLE_MODULES = YES;
				CLANG_ENABLE_OBJC_ARC = YES;
				CLANG_WARN_BOOL_CONVERSION = YES;
				CLANG_WARN_CONSTANT_CONVERSION = YES;
				CLANG_WARN_DIRECT_OBJC_ISA_USAGE = YES_ERROR;
				CLANG_WARN_EMPTY_BODY = YES;
				CLANG_WARN_ENUM_CONVERSION = YES;
				CLANG_WARN_INT_CONVERSION = YES;
				CLANG_WARN_OBJC_ROOT_CLASS = YES_ERROR;
				CLANG_WARN_UNREACHABLE_CODE = YES;
				CLANG_WARN__DUPLICATE_METHOD_MATCH = YES;
				"CODE_SIGN_IDENTITY[sdk=iphoneos*]" = "iPhone Developer";
				COPY_PHASE_STRIP = NO;
				ENABLE_STRICT_OBJC_MSGSEND = YES;
				GCC_C_LANGUAGE_STANDARD = gnu99;
				GCC_DYNAMIC_NO_PIC = NO;
				GCC_OPTIMIZATION_LEVEL = 0;
				GCC_PREPROCESSOR_DEFINITIONS = (
					"DEBUG=1",
					"$(inherited)",
				);
				GCC_SYMBOLS_PRIVATE_EXTERN = NO;
				GCC_WARN_64_TO_32_BIT_CONVERSION = YES;
				GCC_WARN_ABOUT_RETURN_TYPE = YES_ERROR;
				GCC_WARN_UNDECLARED_SELECTOR = YES;
				GCC_WARN_UNINITIALIZED_AUTOS = YES_AGGRESSIVE;
				GCC_WARN_UNUSED_FUNCTION = YES;
				GCC_WARN_UNUSED_VARIABLE = YES;
				IPHONEOS_DEPLOYMENT_TARGET = 8.0;
				MTL_ENABLE_DEBUG_INFO = YES;
				ONLY_ACTIVE_ARCH = YES;
				SDKROOT = iphoneos;
			};
			name = Debug;
		};
		ECD9BD2D1A5C9D8500F7D172 /* Release */ = {
			isa = XCBuildConfiguration;
			buildSettings = {
				ALWAYS_SEARCH_USER_PATHS = NO;
				CLANG_CXX_LANGUAGE_STANDARD = "gnu++0x";
				CLANG_CXX_LIBRARY = "libc++";
				CLANG_ENABLE_MODULES = YES;
				CLANG_ENABLE_OBJC_ARC = YES;
				CLANG_WARN_BOOL_CONVERSION = YES;
				CLANG_WARN_CONSTANT_CONVERSION = YES;
				CLANG_WARN_DIRECT_OBJC_ISA_USAGE = YES_ERROR;
				CLANG_WARN_EMPTY_BODY = YES;
				CLANG_WARN_ENUM_CONVERSION = YES;
				CLANG_WARN_INT_CONVERSION = YES;
				CLANG_WARN_OBJC_ROOT_CLASS = YES_ERROR;
				CLANG_WARN_UNREACHABLE_CODE = YES;
				CLANG_WARN__DUPLICATE_METHOD_MATCH = YES;
				"CODE_SIGN_IDENTITY[sdk=iphoneos*]" = "iPhone Developer";
				COPY_PHASE_STRIP = YES;
				ENABLE_NS_ASSERTIONS = NO;
				ENABLE_STRICT_OBJC_MSGSEND = YES;
				GCC_C_LANGUAGE_STANDARD = gnu99;
				GCC_WARN_64_TO_32_BIT_CONVERSION = YES;
				GCC_WARN_ABOUT_RETURN_TYPE = YES_ERROR;
				GCC_WARN_UNDECLARED_SELECTOR = YES;
				GCC_WARN_UNINITIALIZED_AUTOS = YES_AGGRESSIVE;
				GCC_WARN_UNUSED_FUNCTION = YES;
				GCC_WARN_UNUSED_VARIABLE = YES;
				IPHONEOS_DEPLOYMENT_TARGET = 8.0;
				MTL_ENABLE_DEBUG_INFO = NO;
				SDKROOT = iphoneos;
				VALIDATE_PRODUCT = YES;
			};
			name = Release;
		};
		ECD9BD2F1A5C9D8500F7D172 /* Debug */ = {
			isa = XCBuildConfiguration;
			buildSettings = {
				ASSETCATALOG_COMPILER_APPICON_NAME = AppIcon;
				INFOPLIST_FILE = AT/Info.plist;
				LD_RUNPATH_SEARCH_PATHS = "$(inherited) @executable_path/Frameworks";
				PRODUCT_NAME = "$(TARGET_NAME)";
			};
			name = Debug;
		};
		ECD9BD301A5C9D8500F7D172 /* Release */ = {
			isa = XCBuildConfiguration;
			buildSettings = {
				ASSETCATALOG_COMPILER_APPICON_NAME = AppIcon;
				INFOPLIST_FILE = AT/Info.plist;
				LD_RUNPATH_SEARCH_PATHS = "$(inherited) @executable_path/Frameworks";
				PRODUCT_NAME = "$(TARGET_NAME)";
			};
			name = Release;
		};
		ECD9BD321A5C9D8500F7D172 /* Debug */ = {
			isa = XCBuildConfiguration;
			buildSettings = {
				BUNDLE_LOADER = "$(TEST_HOST)";
				FRAMEWORK_SEARCH_PATHS = (
					"$(SDKROOT)/Developer/Library/Frameworks",
					"$(inherited)",
				);
				GCC_PREPROCESSOR_DEFINITIONS = (
					"DEBUG=1",
					"$(inherited)",
				);
				INFOPLIST_FILE = ATTests/Info.plist;
				LD_RUNPATH_SEARCH_PATHS = "$(inherited) @executable_path/Frameworks @loader_path/Frameworks";
				PRODUCT_NAME = "$(TARGET_NAME)";
				TEST_HOST = "$(BUILT_PRODUCTS_DIR)/AT.app/AT";
			};
			name = Debug;
		};
		ECD9BD331A5C9D8500F7D172 /* Release */ = {
			isa = XCBuildConfiguration;
			buildSettings = {
				BUNDLE_LOADER = "$(TEST_HOST)";
				FRAMEWORK_SEARCH_PATHS = (
					"$(SDKROOT)/Developer/Library/Frameworks",
					"$(inherited)",
				);
				INFOPLIST_FILE = ATTests/Info.plist;
				LD_RUNPATH_SEARCH_PATHS = "$(inherited) @executable_path/Frameworks @loader_path/Frameworks";
				PRODUCT_NAME = "$(TARGET_NAME)";
				TEST_HOST = "$(BUILT_PRODUCTS_DIR)/AT.app/AT";
			};
			name = Release;
		};
/* End XCBuildConfiguration section */

/* Begin XCConfigurationList section */
		ECD9BD061A5C9D8500F7D172 /* Build configuration list for PBXProject "AT" */ = {
			isa = XCConfigurationList;
			buildConfigurations = (
				ECD9BD2C1A5C9D8500F7D172 /* Debug */,
				ECD9BD2D1A5C9D8500F7D172 /* Release */,
			);
			defaultConfigurationIsVisible = 0;
			defaultConfigurationName = Release;
		};
		ECD9BD2E1A5C9D8500F7D172 /* Build configuration list for PBXNativeTarget "AT" */ = {
			isa = XCConfigurationList;
			buildConfigurations = (
				ECD9BD2F1A5C9D8500F7D172 /* Debug */,
				ECD9BD301A5C9D8500F7D172 /* Release */,
			);
			defaultConfigurationIsVisible = 0;
		};
		ECD9BD311A5C9D8500F7D172 /* Build configuration list for PBXNativeTarget "ATTests" */ = {
			isa = XCConfigurationList;
			buildConfigurations = (
				ECD9BD321A5C9D8500F7D172 /* Debug */,
				ECD9BD331A5C9D8500F7D172 /* Release */,
			);
			defaultConfigurationIsVisible = 0;
		};
/* End XCConfigurationList section */
	};
	rootObject = ECD9BD031A5C9D8500F7D172 /* Project object */;
}
